
Microsoft Visual Studio Solution File, Format Version 12.00
# Visual Studio 2012
Project("{FAE04EC0-301F-11D3-BF4B-00C04F79EFBC}") = "SpoilsClient", "SpoilsClient\SpoilsClient.csproj", "{5605DC48-6741-42EC-B261-99993B64F7DF}"
EndProject
Global
	GlobalSection(SolutionConfigurationPlatforms) = preSolution
		Debug|Any CPU = Debug|Any CPU
		Release|Any CPU = Release|Any CPU
	EndGlobalSection
	GlobalSection(ProjectConfigurationPlatforms) = postSolution
		{5605DC48-6741-42EC-B261-99993B64F7DF}.Debug|Any CPU.ActiveCfg = Debug|Any CPU
		{5605DC48-6741-42EC-B261-99993B64F7DF}.Debug|Any CPU.Build.0 = Debug|Any CPU
		{5605DC48-6741-42EC-B261-99993B64F7DF}.Release|Any CPU.ActiveCfg = Release|Any CPU
		{5605DC48-6741-42EC-B261-99993B64F7DF}.Release|Any CPU.Build.0 = Release|Any CPU
	EndGlobalSection
	GlobalSection(SolutionProperties) = preSolution
		HideSolutionNode = FALSE
	EndGlobalSection
EndGlobal
